// !$*UTF8*$!
{
	archiveVersion = 1;
	classes = {
	};
	objectVersion = 55;
	objects = {

/* Begin PBXBuildFile section */
		C950EA0F286999E700DA2622 /* CalcConvertApp.swift in Sources */ = {isa = PBXBuildFile; fileRef = C950EA0E286999E700DA2622 /* CalcConvertApp.swift */; };
		C950EA11286999E700DA2622 /* ContentView.swift in Sources */ = {isa = PBXBuildFile; fileRef = C950EA10286999E700DA2622 /* ContentView.swift */; };
		C950EA13286999E800DA2622 /* Assets.xcassets in Resources */ = {isa = PBXBuildFile; fileRef = C950EA12286999E800DA2622 /* Assets.xcassets */; };
		C950EA16286999E800DA2622 /* Preview Assets.xcassets in Resources */ = {isa = PBXBuildFile; fileRef = C950EA15286999E800DA2622 /* Preview Assets.xcassets */; };
		C950EA2128699B1E00DA2622 /* Color.swift in Sources */ = {isa = PBXBuildFile; fileRef = C950EA2028699B1E00DA2622 /* Color.swift */; };
		C950EA2328699BC200DA2622 /* UtilManager.swift in Sources */ = {isa = PBXBuildFile; fileRef = C950EA2228699BC200DA2622 /* UtilManager.swift */; };
		C950EA2828699D1900DA2622 /* MainView.swift in Sources */ = {isa = PBXBuildFile; fileRef = C950EA2728699D1900DA2622 /* MainView.swift */; };
		C950EA2B2869A32700DA2622 /* SettingView.swift in Sources */ = {isa = PBXBuildFile; fileRef = C950EA2A2869A32700DA2622 /* SettingView.swift */; };
		C950EA302869A35300DA2622 /* UnitView.swift in Sources */ = {isa = PBXBuildFile; fileRef = C950EA2F2869A35300DA2622 /* UnitView.swift */; };
		C950EA322869A35B00DA2622 /* TimeView.swift in Sources */ = {isa = PBXBuildFile; fileRef = C950EA312869A35B00DA2622 /* TimeView.swift */; };
		C950EA342869A36500DA2622 /* ExchangeView.swift in Sources */ = {isa = PBXBuildFile; fileRef = C950EA332869A36500DA2622 /* ExchangeView.swift */; };
		C950EA372869A3C400DA2622 /* FuelView.swift in Sources */ = {isa = PBXBuildFile; fileRef = C950EA362869A3C400DA2622 /* FuelView.swift */; };
		C950EA3A2869A3D800DA2622 /* FuelMileageView.swift in Sources */ = {isa = PBXBuildFile; fileRef = C950EA392869A3D800DA2622 /* FuelMileageView.swift */; };
		C950EA3D2869A3E900DA2622 /* GradeView.swift in Sources */ = {isa = PBXBuildFile; fileRef = C950EA3C2869A3E900DA2622 /* GradeView.swift */; };
		C950EA402869A3F400DA2622 /* TipView.swift in Sources */ = {isa = PBXBuildFile; fileRef = C950EA3F2869A3F400DA2622 /* TipView.swift */; };
		C950EA432869A42300DA2622 /* OvulationView.swift in Sources */ = {isa = PBXBuildFile; fileRef = C950EA422869A42300DA2622 /* OvulationView.swift */; };
		C950EA462869A43700DA2622 /* PercentView.swift in Sources */ = {isa = PBXBuildFile; fileRef = C950EA452869A43700DA2622 /* PercentView.swift */; };
		C950EA492869A44500DA2622 /* LunarView.swift in Sources */ = {isa = PBXBuildFile; fileRef = C950EA482869A44500DA2622 /* LunarView.swift */; };
		C950EA4C2869A45100DA2622 /* DateView.swift in Sources */ = {isa = PBXBuildFile; fileRef = C950EA4B2869A45100DA2622 /* DateView.swift */; };
/* End PBXBuildFile section */

/* Begin PBXFileReference section */
		C950EA0B286999E700DA2622 /* CalcConvert.app */ = {isa = PBXFileReference; explicitFileType = wrapper.application; includeInIndex = 0; path = CalcConvert.app; sourceTree = BUILT_PRODUCTS_DIR; };
		C950EA0E286999E700DA2622 /* CalcConvertApp.swift */ = {isa = PBXFileReference; lastKnownFileType = sourcecode.swift; path = CalcConvertApp.swift; sourceTree = "<group>"; };
		C950EA10286999E700DA2622 /* ContentView.swift */ = {isa = PBXFileReference; lastKnownFileType = sourcecode.swift; path = ContentView.swift; sourceTree = "<group>"; };
		C950EA12286999E800DA2622 /* Assets.xcassets */ = {isa = PBXFileReference; lastKnownFileType = folder.assetcatalog; path = Assets.xcassets; sourceTree = "<group>"; };
		C950EA15286999E800DA2622 /* Preview Assets.xcassets */ = {isa = PBXFileReference; lastKnownFileType = folder.assetcatalog; path = "Preview Assets.xcassets"; sourceTree = "<group>"; };
		C950EA2028699B1E00DA2622 /* Color.swift */ = {isa = PBXFileReference; lastKnownFileType = sourcecode.swift; path = Color.swift; sourceTree = "<group>"; };
		C950EA2228699BC200DA2622 /* UtilManager.swift */ = {isa = PBXFileReference; lastKnownFileType = sourcecode.swift; path = UtilManager.swift; sourceTree = "<group>"; };
		C950EA2728699D1900DA2622 /* MainView.swift */ = {isa = PBXFileReference; lastKnownFileType = sourcecode.swift; path = MainView.swift; sourceTree = "<group>"; };
		C950EA2A2869A32700DA2622 /* SettingView.swift */ = {isa = PBXFileReference; lastKnownFileType = sourcecode.swift; path = SettingView.swift; sourceTree = "<group>"; };
		C950EA2F2869A35300DA2622 /* UnitView.swift */ = {isa = PBXFileReference; lastKnownFileType = sourcecode.swift; path = UnitView.swift; sourceTree = "<group>"; };
		C950EA312869A35B00DA2622 /* TimeView.swift */ = {isa = PBXFileReference; lastKnownFileType = sourcecode.swift; path = TimeView.swift; sourceTree = "<group>"; };
		C950EA332869A36500DA2622 /* ExchangeView.swift */ = {isa = PBXFileReference; lastKnownFileType = sourcecode.swift; path = ExchangeView.swift; sourceTree = "<group>"; };
		C950EA362869A3C400DA2622 /* FuelView.swift */ = {isa = PBXFileReference; lastKnownFileType = sourcecode.swift; path = FuelView.swift; sourceTree = "<group>"; };
		C950EA392869A3D800DA2622 /* FuelMileageView.swift */ = {isa = PBXFileReference; lastKnownFileType = sourcecode.swift; path = FuelMileageView.swift; sourceTree = "<group>"; };
		C950EA3C2869A3E900DA2622 /* GradeView.swift */ = {isa = PBXFileReference; lastKnownFileType = sourcecode.swift; path = GradeView.swift; sourceTree = "<group>"; };
		C950EA3F2869A3F400DA2622 /* TipView.swift */ = {isa = PBXFileReference; lastKnownFileType = sourcecode.swift; path = TipView.swift; sourceTree = "<group>"; };
		C950EA422869A42300DA2622 /* OvulationView.swift */ = {isa = PBXFileReference; lastKnownFileType = sourcecode.swift; path = OvulationView.swift; sourceTree = "<group>"; };
		C950EA452869A43700DA2622 /* PercentView.swift */ = {isa = PBXFileReference; lastKnownFileType = sourcecode.swift; path = PercentView.swift; sourceTree = "<group>"; };
		C950EA482869A44500DA2622 /* LunarView.swift */ = {isa = PBXFileReference; lastKnownFileType = sourcecode.swift; path = LunarView.swift; sourceTree = "<group>"; };
		C950EA4B2869A45100DA2622 /* DateView.swift */ = {isa = PBXFileReference; lastKnownFileType = sourcecode.swift; path = DateView.swift; sourceTree = "<group>"; };
/* End PBXFileReference section */

/* Begin PBXFrameworksBuildPhase section */
		C950EA08286999E700DA2622 /* Frameworks */ = {
			isa = PBXFrameworksBuildPhase;
			buildActionMask = 2147483647;
			files = (
			);
			runOnlyForDeploymentPostprocessing = 0;
		};
/* End PBXFrameworksBuildPhase section */

/* Begin PBXGroup section */
		C950EA02286999E700DA2622 = {
			isa = PBXGroup;
			children = (
				C950EA0D286999E700DA2622 /* CalcConvert */,
				C950EA0C286999E700DA2622 /* Products */,
			);
			sourceTree = "<group>";
		};
		C950EA0C286999E700DA2622 /* Products */ = {
			isa = PBXGroup;
			children = (
				C950EA0B286999E700DA2622 /* CalcConvert.app */,
			);
			name = Products;
			sourceTree = "<group>";
		};
		C950EA0D286999E700DA2622 /* CalcConvert */ = {
			isa = PBXGroup;
			children = (
				C950EA1D28699AB900DA2622 /* UI */,
				C950EA1C28699AAC00DA2622 /* Library */,
				C950EA0E286999E700DA2622 /* CalcConvertApp.swift */,
				C950EA10286999E700DA2622 /* ContentView.swift */,
				C950EA12286999E800DA2622 /* Assets.xcassets */,
				C950EA14286999E800DA2622 /* Preview Content */,
			);
			path = CalcConvert;
			sourceTree = "<group>";
		};
		C950EA14286999E800DA2622 /* Preview Content */ = {
			isa = PBXGroup;
			children = (
				C950EA15286999E800DA2622 /* Preview Assets.xcassets */,
			);
			path = "Preview Content";
			sourceTree = "<group>";
		};
		C950EA1C28699AAC00DA2622 /* Library */ = {
			isa = PBXGroup;
			children = (
				C950EA1F28699B1000DA2622 /* Extensions */,
				C950EA1E28699ABD00DA2622 /* Managers */,
			);
			path = Library;
			sourceTree = "<group>";
		};
		C950EA1D28699AB900DA2622 /* UI */ = {
			isa = PBXGroup;
			children = (
				C950EA2928699D1D00DA2622 /* Setting */,
				C950EA2628699D0C00DA2622 /* Main */,
				C950EA2528699CFE00DA2622 /* Calculator */,
				C950EA2428699CF600DA2622 /* Convertor */,
			);
			path = UI;
			sourceTree = "<group>";
		};
		C950EA1E28699ABD00DA2622 /* Managers */ = {
			isa = PBXGroup;
			children = (
				C950EA2228699BC200DA2622 /* UtilManager.swift */,
			);
			path = Managers;
			sourceTree = "<group>";
		};
		C950EA1F28699B1000DA2622 /* Extensions */ = {
			isa = PBXGroup;
			children = (
				C950EA2028699B1E00DA2622 /* Color.swift */,
			);
			path = Extensions;
			sourceTree = "<group>";
		};
		C950EA2428699CF600DA2622 /* Convertor */ = {
			isa = PBXGroup;
			children = (
				C950EA4A2869A44A00DA2622 /* Date */,
				C950EA472869A43C00DA2622 /* Lunar */,
				C950EA442869A42D00DA2622 /* Percent */,
				C950EA412869A3F700DA2622 /* Ovulation */,
				C950EA3E2869A3EC00DA2622 /* Tip */,
				C950EA3B2869A3DF00DA2622 /* Grade */,
				C950EA382869A3C800DA2622 /* FuelMileage */,
				C950EA352869A36900DA2622 /* Fuel */,
			);
			path = Convertor;
			sourceTree = "<group>";
		};
		C950EA2528699CFE00DA2622 /* Calculator */ = {
			isa = PBXGroup;
			children = (
				C950EA2E2869A34B00DA2622 /* Unit */,
				C950EA2D2869A33A00DA2622 /* Time */,
				C950EA2C2869A33300DA2622 /* Exchange */,
			);
			path = Calculator;
			sourceTree = "<group>";
		};
		C950EA2628699D0C00DA2622 /* Main */ = {
			isa = PBXGroup;
			children = (
				C950EA2728699D1900DA2622 /* MainView.swift */,
			);
			path = Main;
			sourceTree = "<group>";
		};
		C950EA2928699D1D00DA2622 /* Setting */ = {
			isa = PBXGroup;
			children = (
				C950EA2A2869A32700DA2622 /* SettingView.swift */,
			);
			path = Setting;
			sourceTree = "<group>";
		};
		C950EA2C2869A33300DA2622 /* Exchange */ = {
			isa = PBXGroup;
			children = (
				C950EA332869A36500DA2622 /* ExchangeView.swift */,
			);
			path = Exchange;
			sourceTree = "<group>";
		};
		C950EA2D2869A33A00DA2622 /* Time */ = {
			isa = PBXGroup;
			children = (
				C950EA312869A35B00DA2622 /* TimeView.swift */,
			);
			path = Time;
			sourceTree = "<group>";
		};
		C950EA2E2869A34B00DA2622 /* Unit */ = {
			isa = PBXGroup;
			children = (
				C950EA2F2869A35300DA2622 /* UnitView.swift */,
			);
			path = Unit;
			sourceTree = "<group>";
		};
		C950EA352869A36900DA2622 /* Fuel */ = {
			isa = PBXGroup;
			children = (
				C950EA362869A3C400DA2622 /* FuelView.swift */,
			);
			path = Fuel;
			sourceTree = "<group>";
		};
		C950EA382869A3C800DA2622 /* FuelMileage */ = {
			isa = PBXGroup;
			children = (
				C950EA392869A3D800DA2622 /* FuelMileageView.swift */,
			);
			path = FuelMileage;
			sourceTree = "<group>";
		};
		C950EA3B2869A3DF00DA2622 /* Grade */ = {
			isa = PBXGroup;
			children = (
				C950EA3C2869A3E900DA2622 /* GradeView.swift */,
			);
			path = Grade;
			sourceTree = "<group>";
		};
		C950EA3E2869A3EC00DA2622 /* Tip */ = {
			isa = PBXGroup;
			children = (
				C950EA3F2869A3F400DA2622 /* TipView.swift */,
			);
			path = Tip;
			sourceTree = "<group>";
		};
		C950EA412869A3F700DA2622 /* Ovulation */ = {
			isa = PBXGroup;
			children = (
				C950EA422869A42300DA2622 /* OvulationView.swift */,
			);
			path = Ovulation;
			sourceTree = "<group>";
		};
		C950EA442869A42D00DA2622 /* Percent */ = {
			isa = PBXGroup;
			children = (
				C950EA452869A43700DA2622 /* PercentView.swift */,
			);
			path = Percent;
			sourceTree = "<group>";
		};
		C950EA472869A43C00DA2622 /* Lunar */ = {
			isa = PBXGroup;
			children = (
				C950EA482869A44500DA2622 /* LunarView.swift */,
			);
			path = Lunar;
			sourceTree = "<group>";
		};
		C950EA4A2869A44A00DA2622 /* Date */ = {
			isa = PBXGroup;
			children = (
				C950EA4B2869A45100DA2622 /* DateView.swift */,
			);
			path = Date;
			sourceTree = "<group>";
		};
/* End PBXGroup section */

/* Begin PBXNativeTarget section */
		C950EA0A286999E700DA2622 /* CalcConvert */ = {
			isa = PBXNativeTarget;
			buildConfigurationList = C950EA19286999E800DA2622 /* Build configuration list for PBXNativeTarget "CalcConvert" */;
			buildPhases = (
				C950EA07286999E700DA2622 /* Sources */,
				C950EA08286999E700DA2622 /* Frameworks */,
				C950EA09286999E700DA2622 /* Resources */,
			);
			buildRules = (
			);
			dependencies = (
			);
			name = CalcConvert;
			productName = CalcConvert;
			productReference = C950EA0B286999E700DA2622 /* CalcConvert.app */;
			productType = "com.apple.product-type.application";
		};
/* End PBXNativeTarget section */

/* Begin PBXProject section */
		C950EA03286999E700DA2622 /* Project object */ = {
			isa = PBXProject;
			attributes = {
				BuildIndependentTargetsInParallel = 1;
				LastSwiftUpdateCheck = 1340;
				LastUpgradeCheck = 1340;
				TargetAttributes = {
					C950EA0A286999E700DA2622 = {
						CreatedOnToolsVersion = 13.4.1;
					};
				};
			};
			buildConfigurationList = C950EA06286999E700DA2622 /* Build configuration list for PBXProject "CalcConvert" */;
			compatibilityVersion = "Xcode 13.0";
			developmentRegion = en;
			hasScannedForEncodings = 0;
			knownRegions = (
				en,
				Base,
			);
			mainGroup = C950EA02286999E700DA2622;
			productRefGroup = C950EA0C286999E700DA2622 /* Products */;
			projectDirPath = "";
			projectRoot = "";
			targets = (
				C950EA0A286999E700DA2622 /* CalcConvert */,
			);
		};
/* End PBXProject section */

/* Begin PBXResourcesBuildPhase section */
		C950EA09286999E700DA2622 /* Resources */ = {
			isa = PBXResourcesBuildPhase;
			buildActionMask = 2147483647;
			files = (
				C950EA16286999E800DA2622 /* Preview Assets.xcassets in Resources */,
				C950EA13286999E800DA2622 /* Assets.xcassets in Resources */,
			);
			runOnlyForDeploymentPostprocessing = 0;
		};
/* End PBXResourcesBuildPhase section */

/* Begin PBXSourcesBuildPhase section */
		C950EA07286999E700DA2622 /* Sources */ = {
			isa = PBXSourcesBuildPhase;
			buildActionMask = 2147483647;
			files = (
				C950EA3A2869A3D800DA2622 /* FuelMileageView.swift in Sources */,
				C950EA402869A3F400DA2622 /* TipView.swift in Sources */,
				C950EA11286999E700DA2622 /* ContentView.swift in Sources */,
				C950EA342869A36500DA2622 /* ExchangeView.swift in Sources */,
				C950EA432869A42300DA2622 /* OvulationView.swift in Sources */,
				C950EA2328699BC200DA2622 /* UtilManager.swift in Sources */,
				C950EA0F286999E700DA2622 /* CalcConvertApp.swift in Sources */,
				C950EA492869A44500DA2622 /* LunarView.swift in Sources */,
				C950EA372869A3C400DA2622 /* FuelView.swift in Sources */,
				C950EA322869A35B00DA2622 /* TimeView.swift in Sources */,
				C950EA2B2869A32700DA2622 /* SettingView.swift in Sources */,
				C950EA3D2869A3E900DA2622 /* GradeView.swift in Sources */,
				C950EA462869A43700DA2622 /* PercentView.swift in Sources */,
				C950EA2828699D1900DA2622 /* MainView.swift in Sources */,
				C950EA2128699B1E00DA2622 /* Color.swift in Sources */,
				C950EA302869A35300DA2622 /* UnitView.swift in Sources */,
				C950EA4C2869A45100DA2622 /* DateView.swift in Sources */,
			);
			runOnlyForDeploymentPostprocessing = 0;
		};
/* End PBXSourcesBuildPhase section */

/* Begin XCBuildConfiguration section */
		C950EA17286999E800DA2622 /* Debug */ = {
			isa = XCBuildConfiguration;
			buildSettings = {
				ALWAYS_SEARCH_USER_PATHS = NO;
				CLANG_ANALYZER_NONNULL = YES;
				CLANG_ANALYZER_NUMBER_OBJECT_CONVERSION = YES_AGGRESSIVE;
				CLANG_CXX_LANGUAGE_STANDARD = "gnu++17";
				CLANG_ENABLE_MODULES = YES;
				CLANG_ENABLE_OBJC_ARC = YES;
				CLANG_ENABLE_OBJC_WEAK = YES;
				CLANG_WARN_BLOCK_CAPTURE_AUTORELEASING = YES;
				CLANG_WARN_BOOL_CONVERSION = YES;
				CLANG_WARN_COMMA = YES;
				CLANG_WARN_CONSTANT_CONVERSION = YES;
				CLANG_WARN_DEPRECATED_OBJC_IMPLEMENTATIONS = YES;
				CLANG_WARN_DIRECT_OBJC_ISA_USAGE = YES_ERROR;
				CLANG_WARN_DOCUMENTATION_COMMENTS = YES;
				CLANG_WARN_EMPTY_BODY = YES;
				CLANG_WARN_ENUM_CONVERSION = YES;
				CLANG_WARN_INFINITE_RECURSION = YES;
				CLANG_WARN_INT_CONVERSION = YES;
				CLANG_WARN_NON_LITERAL_NULL_CONVERSION = YES;
				CLANG_WARN_OBJC_IMPLICIT_RETAIN_SELF = YES;
				CLANG_WARN_OBJC_LITERAL_CONVERSION = YES;
				CLANG_WARN_OBJC_ROOT_CLASS = YES_ERROR;
				CLANG_WARN_QUOTED_INCLUDE_IN_FRAMEWORK_HEADER = YES;
				CLANG_WARN_RANGE_LOOP_ANALYSIS = YES;
				CLANG_WARN_STRICT_PROTOTYPES = YES;
				CLANG_WARN_SUSPICIOUS_MOVE = YES;
				CLANG_WARN_UNGUARDED_AVAILABILITY = YES_AGGRESSIVE;
				CLANG_WARN_UNREACHABLE_CODE = YES;
				CLANG_WARN__DUPLICATE_METHOD_MATCH = YES;
				COPY_PHASE_STRIP = NO;
				DEBUG_INFORMATION_FORMAT = dwarf;
				ENABLE_STRICT_OBJC_MSGSEND = YES;
				ENABLE_TESTABILITY = YES;
				GCC_C_LANGUAGE_STANDARD = gnu11;
				GCC_DYNAMIC_NO_PIC = NO;
				GCC_NO_COMMON_BLOCKS = YES;
				GCC_OPTIMIZATION_LEVEL = 0;
				GCC_PREPROCESSOR_DEFINITIONS = (
					"DEBUG=1",
					"$(inherited)",
				);
				GCC_WARN_64_TO_32_BIT_CONVERSION = YES;
				GCC_WARN_ABOUT_RETURN_TYPE = YES_ERROR;
				GCC_WARN_UNDECLARED_SELECTOR = YES;
				GCC_WARN_UNINITIALIZED_AUTOS = YES_AGGRESSIVE;
				GCC_WARN_UNUSED_FUNCTION = YES;
				GCC_WARN_UNUSED_VARIABLE = YES;
				IPHONEOS_DEPLOYMENT_TARGET = 15.5;
				MTL_ENABLE_DEBUG_INFO = INCLUDE_SOURCE;
				MTL_FAST_MATH = YES;
				ONLY_ACTIVE_ARCH = YES;
				SDKROOT = iphoneos;
				SWIFT_ACTIVE_COMPILATION_CONDITIONS = DEBUG;
				SWIFT_OPTIMIZATION_LEVEL = "-Onone";
			};
			name = Debug;
		};
		C950EA18286999E800DA2622 /* Release */ = {
			isa = XCBuildConfiguration;
			buildSettings = {
				ALWAYS_SEARCH_USER_PATHS = NO;
				CLANG_ANALYZER_NONNULL = YES;
				CLANG_ANALYZER_NUMBER_OBJECT_CONVERSION = YES_AGGRESSIVE;
				CLANG_CXX_LANGUAGE_STANDARD = "gnu++17";
				CLANG_ENABLE_MODULES = YES;
				CLANG_ENABLE_OBJC_ARC = YES;
				CLANG_ENABLE_OBJC_WEAK = YES;
				CLANG_WARN_BLOCK_CAPTURE_AUTORELEASING = YES;
				CLANG_WARN_BOOL_CONVERSION = YES;
				CLANG_WARN_COMMA = YES;
				CLANG_WARN_CONSTANT_CONVERSION = YES;
				CLANG_WARN_DEPRECATED_OBJC_IMPLEMENTATIONS = YES;
				CLANG_WARN_DIRECT_OBJC_ISA_USAGE = YES_ERROR;
				CLANG_WARN_DOCUMENTATION_COMMENTS = YES;
				CLANG_WARN_EMPTY_BODY = YES;
				CLANG_WARN_ENUM_CONVERSION = YES;
				CLANG_WARN_INFINITE_RECURSION = YES;
				CLANG_WARN_INT_CONVERSION = YES;
				CLANG_WARN_NON_LITERAL_NULL_CONVERSION = YES;
				CLANG_WARN_OBJC_IMPLICIT_RETAIN_SELF = YES;
				CLANG_WARN_OBJC_LITERAL_CONVERSION = YES;
				CLANG_WARN_OBJC_ROOT_CLASS = YES_ERROR;
				CLANG_WARN_QUOTED_INCLUDE_IN_FRAMEWORK_HEADER = YES;
				CLANG_WARN_RANGE_LOOP_ANALYSIS = YES;
				CLANG_WARN_STRICT_PROTOTYPES = YES;
				CLANG_WARN_SUSPICIOUS_MOVE = YES;
				CLANG_WARN_UNGUARDED_AVAILABILITY = YES_AGGRESSIVE;
				CLANG_WARN_UNREACHABLE_CODE = YES;
				CLANG_WARN__DUPLICATE_METHOD_MATCH = YES;
				COPY_PHASE_STRIP = NO;
				DEBUG_INFORMATION_FORMAT = "dwarf-with-dsym";
				ENABLE_NS_ASSERTIONS = NO;
				ENABLE_STRICT_OBJC_MSGSEND = YES;
				GCC_C_LANGUAGE_STANDARD = gnu11;
				GCC_NO_COMMON_BLOCKS = YES;
				GCC_WARN_64_TO_32_BIT_CONVERSION = YES;
				GCC_WARN_ABOUT_RETURN_TYPE = YES_ERROR;
				GCC_WARN_UNDECLARED_SELECTOR = YES;
				GCC_WARN_UNINITIALIZED_AUTOS = YES_AGGRESSIVE;
				GCC_WARN_UNUSED_FUNCTION = YES;
				GCC_WARN_UNUSED_VARIABLE = YES;
				IPHONEOS_DEPLOYMENT_TARGET = 15.5;
				MTL_ENABLE_DEBUG_INFO = NO;
				MTL_FAST_MATH = YES;
				SDKROOT = iphoneos;
				SWIFT_COMPILATION_MODE = wholemodule;
				SWIFT_OPTIMIZATION_LEVEL = "-O";
				VALIDATE_PRODUCT = YES;
			};
			name = Release;
		};
		C950EA1A286999E800DA2622 /* Debug */ = {
			isa = XCBuildConfiguration;
			buildSettings = {
				ASSETCATALOG_COMPILER_APPICON_NAME = AppIcon;
				ASSETCATALOG_COMPILER_GLOBAL_ACCENT_COLOR_NAME = AccentColor;
				CODE_SIGN_STYLE = Automatic;
				CURRENT_PROJECT_VERSION = 1;
				DEVELOPMENT_ASSET_PATHS = "\"CalcConvert/Preview Content\"";
				ENABLE_PREVIEWS = YES;
				GENERATE_INFOPLIST_FILE = YES;
				INFOPLIST_KEY_UIApplicationSceneManifest_Generation = YES;
				INFOPLIST_KEY_UIApplicationSupportsIndirectInputEvents = YES;
				INFOPLIST_KEY_UILaunchScreen_Generation = YES;
				INFOPLIST_KEY_UISupportedInterfaceOrientations_iPad = "UIInterfaceOrientationPortrait UIInterfaceOrientationPortraitUpsideDown UIInterfaceOrientationLandscapeLeft UIInterfaceOrientationLandscapeRight";
				INFOPLIST_KEY_UISupportedInterfaceOrientations_iPhone = "UIInterfaceOrientationPortrait UIInterfaceOrientationLandscapeLeft UIInterfaceOrientationLandscapeRight";
				LD_RUNPATH_SEARCH_PATHS = (
					"$(inherited)",
					"@executable_path/Frameworks",
				);
				MARKETING_VERSION = 1.0;
				PRODUCT_BUNDLE_IDENTIFIER = com.MPG.CalcConvert;
				PRODUCT_NAME = "$(TARGET_NAME)";
				SWIFT_EMIT_LOC_STRINGS = YES;
				SWIFT_VERSION = 5.0;
				TARGETED_DEVICE_FAMILY = "1,2";
			};
			name = Debug;
		};
		C950EA1B286999E800DA2622 /* Release */ = {
			isa = XCBuildConfiguration;
			buildSettings = {
				ASSETCATALOG_COMPILER_APPICON_NAME = AppIcon;
				ASSETCATALOG_COMPILER_GLOBAL_ACCENT_COLOR_NAME = AccentColor;
				CODE_SIGN_STYLE = Automatic;
				CURRENT_PROJECT_VERSION = 1;
				DEVELOPMENT_ASSET_PATHS = "\"CalcConvert/Preview Content\"";
				ENABLE_PREVIEWS = YES;
				GENERATE_INFOPLIST_FILE = YES;
				INFOPLIST_KEY_UIApplicationSceneManifest_Generation = YES;
				INFOPLIST_KEY_UIApplicationSupportsIndirectInputEvents = YES;
				INFOPLIST_KEY_UILaunchScreen_Generation = YES;
				INFOPLIST_KEY_UISupportedInterfaceOrientations_iPad = "UIInterfaceOrientationPortrait UIInterfaceOrientationPortraitUpsideDown UIInterfaceOrientationLandscapeLeft UIInterfaceOrientationLandscapeRight";
				INFOPLIST_KEY_UISupportedInterfaceOrientations_iPhone = "UIInterfaceOrientationPortrait UIInterfaceOrientationLandscapeLeft UIInterfaceOrientationLandscapeRight";
				LD_RUNPATH_SEARCH_PATHS = (
					"$(inherited)",
					"@executable_path/Frameworks",
				);
				MARKETING_VERSION = 1.0;
				PRODUCT_BUNDLE_IDENTIFIER = com.MPG.CalcConvert;
				PRODUCT_NAME = "$(TARGET_NAME)";
				SWIFT_EMIT_LOC_STRINGS = YES;
				SWIFT_VERSION = 5.0;
				TARGETED_DEVICE_FAMILY = "1,2";
			};
			name = Release;
		};
/* End XCBuildConfiguration section */

/* Begin XCConfigurationList section */
		C950EA06286999E700DA2622 /* Build configuration list for PBXProject "CalcConvert" */ = {
			isa = XCConfigurationList;
			buildConfigurations = (
				C950EA17286999E800DA2622 /* Debug */,
				C950EA18286999E800DA2622 /* Release */,
			);
			defaultConfigurationIsVisible = 0;
			defaultConfigurationName = Release;
		};
		C950EA19286999E800DA2622 /* Build configuration list for PBXNativeTarget "CalcConvert" */ = {
			isa = XCConfigurationList;
			buildConfigurations = (
				C950EA1A286999E800DA2622 /* Debug */,
				C950EA1B286999E800DA2622 /* Release */,
			);
			defaultConfigurationIsVisible = 0;
			defaultConfigurationName = Release;
		};
/* End XCConfigurationList section */
	};
	rootObject = C950EA03286999E700DA2622 /* Project object */;
}
